
Microsoft Visual Studio Solution File, Format Version 12.00
# Visual Studio Version 16
VisualStudioVersion = 16.0.31205.134
MinimumVisualStudioVersion = 10.0.40219.1
Project("{FAE04EC0-301F-11D3-BF4B-00C04F79EFBC}") = "PortsPlus", "PortsPlus.csproj", "{C5F9E542-A9CA-4120-8C5C-5382C0535429}"
EndProject
Global
	GlobalSection(SolutionConfigurationPlatforms) = preSolution
		Debug|Any CPU = Debug|Any CPU
		Release|Any CPU = Release|Any CPU
	EndGlobalSection
	GlobalSection(ProjectConfigurationPlatforms) = postSolution
		{C5F9E542-A9CA-4120-8C5C-5382C0535429}.Debug|Any CPU.ActiveCfg = Debug|Any CPU
		{C5F9E542-A9CA-4120-8C5C-5382C0535429}.Debug|Any CPU.Build.0 = Debug|Any CPU
		{C5F9E542-A9CA-4120-8C5C-5382C0535429}.Release|Any CPU.ActiveCfg = Release|Any CPU
		{C5F9E542-A9CA-4120-8C5C-5382C0535429}.Release|Any CPU.Build.0 = Release|Any CPU
	EndGlobalSection
	GlobalSection(SolutionProperties) = preSolution
		HideSolutionNode = FALSE
	EndGlobalSection
	GlobalSection(ExtensibilityGlobals) = postSolution
		SolutionGuid = {D07952BD-7DEA-424E-9BB1-F3ABC28B30AF}
	EndGlobalSection
EndGlobal
